// !$*UTF8*$!
{
	archiveVersion = 1;
	classes = {
	};
	objectVersion = 46;
	objects = {

/* Begin PBXBuildFile section */
		95B082D0185C4788AF2C9C81 /* libPods.a in Frameworks */ = {isa = PBXBuildFile; fileRef = EC0AD9E2BBC9439998E8ACEF /* libPods.a */; };
		CA105AEF18E8CAB200F78D28 /* UserModel.m in Sources */ = {isa = PBXBuildFile; fileRef = CA105AEE18E8CAB200F78D28 /* UserModel.m */; };
		CA105B3918EAA08800F78D28 /* retweetSelected.png in Resources */ = {isa = PBXBuildFile; fileRef = CA105B3518EAA08800F78D28 /* retweetSelected.png */; };
		CA105B3A18EAA08800F78D28 /* retweetSelected@2x.png in Resources */ = {isa = PBXBuildFile; fileRef = CA105B3618EAA08800F78D28 /* retweetSelected@2x.png */; };
		CA105B3B18EAA08800F78D28 /* starSelected.png in Resources */ = {isa = PBXBuildFile; fileRef = CA105B3718EAA08800F78D28 /* starSelected.png */; };
		CA105B3C18EAA08800F78D28 /* starSelected@2x.png in Resources */ = {isa = PBXBuildFile; fileRef = CA105B3818EAA08800F78D28 /* starSelected@2x.png */; };
		CA37581E18F0AC7200D596AB /* ProfileViewController.m in Sources */ = {isa = PBXBuildFile; fileRef = CA37581C18F0AC7200D596AB /* ProfileViewController.m */; };
		CA37581F18F0AC7200D596AB /* ProfileViewController.xib in Resources */ = {isa = PBXBuildFile; fileRef = CA37581D18F0AC7200D596AB /* ProfileViewController.xib */; };
		CA37582318F0C12C00D596AB /* MainMenuViewController.m in Sources */ = {isa = PBXBuildFile; fileRef = CA37582118F0C12C00D596AB /* MainMenuViewController.m */; };
		CA37582418F0C12C00D596AB /* MainMenuViewController.xib in Resources */ = {isa = PBXBuildFile; fileRef = CA37582218F0C12C00D596AB /* MainMenuViewController.xib */; };
		CA37582C18F0CB2C00D596AB /* ProfileHeaderView.m in Sources */ = {isa = PBXBuildFile; fileRef = CA37582B18F0CB2C00D596AB /* ProfileHeaderView.m */; };
		CA37582E18F0CBB200D596AB /* ProfileHeaderView.xib in Resources */ = {isa = PBXBuildFile; fileRef = CA37582D18F0CBB200D596AB /* ProfileHeaderView.xib */; };
		CA37583218F0CEAE00D596AB /* ProfileSubheaderTableViewCell.m in Sources */ = {isa = PBXBuildFile; fileRef = CA37583018F0CEAE00D596AB /* ProfileSubheaderTableViewCell.m */; };
		CA37583318F0CEAE00D596AB /* ProfileSubheaderTableViewCell.xib in Resources */ = {isa = PBXBuildFile; fileRef = CA37583118F0CEAE00D596AB /* ProfileSubheaderTableViewCell.xib */; };
		CA37583618F26B9A00D596AB /* UIView+Screenshot.m in Sources */ = {isa = PBXBuildFile; fileRef = CA37583518F26B9A00D596AB /* UIView+Screenshot.m */; };
		CAC9599918E3EBE9000141E1 /* Foundation.framework in Frameworks */ = {isa = PBXBuildFile; fileRef = CAC9599818E3EBE9000141E1 /* Foundation.framework */; };
		CAC9599B18E3EBE9000141E1 /* CoreGraphics.framework in Frameworks */ = {isa = PBXBuildFile; fileRef = CAC9599A18E3EBE9000141E1 /* CoreGraphics.framework */; };
		CAC9599D18E3EBE9000141E1 /* UIKit.framework in Frameworks */ = {isa = PBXBuildFile; fileRef = CAC9599C18E3EBE9000141E1 /* UIKit.framework */; };
		CAC959A318E3EBE9000141E1 /* InfoPlist.strings in Resources */ = {isa = PBXBuildFile; fileRef = CAC959A118E3EBE9000141E1 /* InfoPlist.strings */; };
		CAC959A518E3EBE9000141E1 /* main.m in Sources */ = {isa = PBXBuildFile; fileRef = CAC959A418E3EBE9000141E1 /* main.m */; };
		CAC959A918E3EBE9000141E1 /* AppDelegate.m in Sources */ = {isa = PBXBuildFile; fileRef = CAC959A818E3EBE9000141E1 /* AppDelegate.m */; };
		CAC959AB18E3EBE9000141E1 /* Images.xcassets in Resources */ = {isa = PBXBuildFile; fileRef = CAC959AA18E3EBE9000141E1 /* Images.xcassets */; };
		CAC959B218E3EBE9000141E1 /* XCTest.framework in Frameworks */ = {isa = PBXBuildFile; fileRef = CAC959B118E3EBE9000141E1 /* XCTest.framework */; };
		CAC959B318E3EBE9000141E1 /* Foundation.framework in Frameworks */ = {isa = PBXBuildFile; fileRef = CAC9599818E3EBE9000141E1 /* Foundation.framework */; };
		CAC959B418E3EBE9000141E1 /* UIKit.framework in Frameworks */ = {isa = PBXBuildFile; fileRef = CAC9599C18E3EBE9000141E1 /* UIKit.framework */; };
		CAC959BC18E3EBE9000141E1 /* InfoPlist.strings in Resources */ = {isa = PBXBuildFile; fileRef = CAC959BA18E3EBE9000141E1 /* InfoPlist.strings */; };
		CAC959BE18E3EBE9000141E1 /* QuitterTests.m in Sources */ = {isa = PBXBuildFile; fileRef = CAC959BD18E3EBE9000141E1 /* QuitterTests.m */; };
		CAC959CA18E3EC79000141E1 /* TweetListViewController.m in Sources */ = {isa = PBXBuildFile; fileRef = CAC959C818E3EC79000141E1 /* TweetListViewController.m */; };
		CAC959CB18E3EC79000141E1 /* TweetListViewController.xib in Resources */ = {isa = PBXBuildFile; fileRef = CAC959C918E3EC79000141E1 /* TweetListViewController.xib */; };
		CAC959CF18E3ED00000141E1 /* LoginViewController.m in Sources */ = {isa = PBXBuildFile; fileRef = CAC959CD18E3ED00000141E1 /* LoginViewController.m */; };
		CAC959D018E3ED00000141E1 /* LoginViewController.xib in Resources */ = {isa = PBXBuildFile; fileRef = CAC959CE18E3ED00000141E1 /* LoginViewController.xib */; };
		CAC959D418E3ED1E000141E1 /* TweetDetailViewController.m in Sources */ = {isa = PBXBuildFile; fileRef = CAC959D218E3ED1E000141E1 /* TweetDetailViewController.m */; };
		CAC959D518E3ED1E000141E1 /* TweetDetailViewController.xib in Resources */ = {isa = PBXBuildFile; fileRef = CAC959D318E3ED1E000141E1 /* TweetDetailViewController.xib */; };
		CAC959D918E3ED37000141E1 /* TweetComposeViewController.m in Sources */ = {isa = PBXBuildFile; fileRef = CAC959D718E3ED37000141E1 /* TweetComposeViewController.m */; };
		CAC959DA18E3ED37000141E1 /* TweetComposeViewController.xib in Resources */ = {isa = PBXBuildFile; fileRef = CAC959D818E3ED37000141E1 /* TweetComposeViewController.xib */; };
		CAC959DF18E3EEBD000141E1 /* TweetViewCell.m in Sources */ = {isa = PBXBuildFile; fileRef = CAC959DD18E3EEBD000141E1 /* TweetViewCell.m */; };
		CAC959E018E3EEBD000141E1 /* TweetViewCell.xib in Resources */ = {isa = PBXBuildFile; fileRef = CAC959DE18E3EEBD000141E1 /* TweetViewCell.xib */; };
		CAC959E818E3F2BE000141E1 /* reply.png in Resources */ = {isa = PBXBuildFile; fileRef = CAC959E218E3F2BE000141E1 /* reply.png */; };
		CAC959E918E3F2BE000141E1 /* reply@2x.png in Resources */ = {isa = PBXBuildFile; fileRef = CAC959E318E3F2BE000141E1 /* reply@2x.png */; };
		CAC959EA18E3F2BE000141E1 /* retweet.png in Resources */ = {isa = PBXBuildFile; fileRef = CAC959E418E3F2BE000141E1 /* retweet.png */; };
		CAC959EB18E3F2BE000141E1 /* retweet@2x.png in Resources */ = {isa = PBXBuildFile; fileRef = CAC959E518E3F2BE000141E1 /* retweet@2x.png */; };
		CAC959EC18E3F2BE000141E1 /* star.png in Resources */ = {isa = PBXBuildFile; fileRef = CAC959E618E3F2BE000141E1 /* star.png */; };
		CAC959ED18E3F2BE000141E1 /* star@2x.png in Resources */ = {isa = PBXBuildFile; fileRef = CAC959E718E3F2BE000141E1 /* star@2x.png */; };
		CAC959F618E3FDAC000141E1 /* TweetModel.m in Sources */ = {isa = PBXBuildFile; fileRef = CAC959F518E3FDAC000141E1 /* TweetModel.m */; };
		CAC959F918E402BA000141E1 /* TwitterClient.m in Sources */ = {isa = PBXBuildFile; fileRef = CAC959F818E402BA000141E1 /* TwitterClient.m */; };
/* End PBXBuildFile section */

/* Begin PBXContainerItemProxy section */
		CAC959B518E3EBE9000141E1 /* PBXContainerItemProxy */ = {
			isa = PBXContainerItemProxy;
			containerPortal = CAC9598D18E3EBE9000141E1 /* Project object */;
			proxyType = 1;
			remoteGlobalIDString = CAC9599418E3EBE9000141E1;
			remoteInfo = Quitter;
		};
/* End PBXContainerItemProxy section */

/* Begin PBXFileReference section */
		CA105AED18E8CAB200F78D28 /* UserModel.h */ = {isa = PBXFileReference; fileEncoding = 4; lastKnownFileType = sourcecode.c.h; path = UserModel.h; sourceTree = "<group>"; };
		CA105AEE18E8CAB200F78D28 /* UserModel.m */ = {isa = PBXFileReference; fileEncoding = 4; lastKnownFileType = sourcecode.c.objc; path = UserModel.m; sourceTree = "<group>"; };
		CA105B3518EAA08800F78D28 /* retweetSelected.png */ = {isa = PBXFileReference; lastKnownFileType = image.png; path = retweetSelected.png; sourceTree = "<group>"; };
		CA105B3618EAA08800F78D28 /* retweetSelected@2x.png */ = {isa = PBXFileReference; lastKnownFileType = image.png; path = "retweetSelected@2x.png"; sourceTree = "<group>"; };
		CA105B3718EAA08800F78D28 /* starSelected.png */ = {isa = PBXFileReference; lastKnownFileType = image.png; path = starSelected.png; sourceTree = "<group>"; };
		CA105B3818EAA08800F78D28 /* starSelected@2x.png */ = {isa = PBXFileReference; lastKnownFileType = image.png; path = "starSelected@2x.png"; sourceTree = "<group>"; };
		CA37581B18F0AC7200D596AB /* ProfileViewController.h */ = {isa = PBXFileReference; fileEncoding = 4; lastKnownFileType = sourcecode.c.h; path = ProfileViewController.h; sourceTree = "<group>"; };
		CA37581C18F0AC7200D596AB /* ProfileViewController.m */ = {isa = PBXFileReference; fileEncoding = 4; lastKnownFileType = sourcecode.c.objc; path = ProfileViewController.m; sourceTree = "<group>"; };
		CA37581D18F0AC7200D596AB /* ProfileViewController.xib */ = {isa = PBXFileReference; fileEncoding = 4; lastKnownFileType = file.xib; path = ProfileViewController.xib; sourceTree = "<group>"; };
		CA37582018F0C12C00D596AB /* MainMenuViewController.h */ = {isa = PBXFileReference; fileEncoding = 4; lastKnownFileType = sourcecode.c.h; path = MainMenuViewController.h; sourceTree = "<group>"; };
		CA37582118F0C12C00D596AB /* MainMenuViewController.m */ = {isa = PBXFileReference; fileEncoding = 4; lastKnownFileType = sourcecode.c.objc; path = MainMenuViewController.m; sourceTree = "<group>"; };
		CA37582218F0C12C00D596AB /* MainMenuViewController.xib */ = {isa = PBXFileReference; fileEncoding = 4; lastKnownFileType = file.xib; path = MainMenuViewController.xib; sourceTree = "<group>"; };
		CA37582A18F0CB2C00D596AB /* ProfileHeaderView.h */ = {isa = PBXFileReference; fileEncoding = 4; lastKnownFileType = sourcecode.c.h; path = ProfileHeaderView.h; sourceTree = "<group>"; };
		CA37582B18F0CB2C00D596AB /* ProfileHeaderView.m */ = {isa = PBXFileReference; fileEncoding = 4; lastKnownFileType = sourcecode.c.objc; path = ProfileHeaderView.m; sourceTree = "<group>"; };
		CA37582D18F0CBB200D596AB /* ProfileHeaderView.xib */ = {isa = PBXFileReference; fileEncoding = 4; lastKnownFileType = file.xib; path = ProfileHeaderView.xib; sourceTree = "<group>"; };
		CA37582F18F0CEAE00D596AB /* ProfileSubheaderTableViewCell.h */ = {isa = PBXFileReference; fileEncoding = 4; lastKnownFileType = sourcecode.c.h; path = ProfileSubheaderTableViewCell.h; sourceTree = "<group>"; };
		CA37583018F0CEAE00D596AB /* ProfileSubheaderTableViewCell.m */ = {isa = PBXFileReference; fileEncoding = 4; lastKnownFileType = sourcecode.c.objc; path = ProfileSubheaderTableViewCell.m; sourceTree = "<group>"; };
		CA37583118F0CEAE00D596AB /* ProfileSubheaderTableViewCell.xib */ = {isa = PBXFileReference; fileEncoding = 4; lastKnownFileType = file.xib; path = ProfileSubheaderTableViewCell.xib; sourceTree = "<group>"; };
		CA37583418F26B9A00D596AB /* UIView+Screenshot.h */ = {isa = PBXFileReference; fileEncoding = 4; lastKnownFileType = sourcecode.c.h; path = "UIView+Screenshot.h"; sourceTree = "<group>"; };
		CA37583518F26B9A00D596AB /* UIView+Screenshot.m */ = {isa = PBXFileReference; fileEncoding = 4; lastKnownFileType = sourcecode.c.objc; path = "UIView+Screenshot.m"; sourceTree = "<group>"; };
		CAC9599518E3EBE9000141E1 /* Quitter.app */ = {isa = PBXFileReference; explicitFileType = wrapper.application; includeInIndex = 0; path = Quitter.app; sourceTree = BUILT_PRODUCTS_DIR; };
		CAC9599818E3EBE9000141E1 /* Foundation.framework */ = {isa = PBXFileReference; lastKnownFileType = wrapper.framework; name = Foundation.framework; path = System/Library/Frameworks/Foundation.framework; sourceTree = SDKROOT; };
		CAC9599A18E3EBE9000141E1 /* CoreGraphics.framework */ = {isa = PBXFileReference; lastKnownFileType = wrapper.framework; name = CoreGraphics.framework; path = System/Library/Frameworks/CoreGraphics.framework; sourceTree = SDKROOT; };
		CAC9599C18E3EBE9000141E1 /* UIKit.framework */ = {isa = PBXFileReference; lastKnownFileType = wrapper.framework; name = UIKit.framework; path = System/Library/Frameworks/UIKit.framework; sourceTree = SDKROOT; };
		CAC959A018E3EBE9000141E1 /* Quitter-Info.plist */ = {isa = PBXFileReference; lastKnownFileType = text.plist.xml; path = "Quitter-Info.plist"; sourceTree = "<group>"; };
		CAC959A218E3EBE9000141E1 /* en */ = {isa = PBXFileReference; lastKnownFileType = text.plist.strings; name = en; path = en.lproj/InfoPlist.strings; sourceTree = "<group>"; };
		CAC959A418E3EBE9000141E1 /* main.m */ = {isa = PBXFileReference; lastKnownFileType = sourcecode.c.objc; path = main.m; sourceTree = "<group>"; };
		CAC959A618E3EBE9000141E1 /* Quitter-Prefix.pch */ = {isa = PBXFileReference; lastKnownFileType = sourcecode.c.h; path = "Quitter-Prefix.pch"; sourceTree = "<group>"; };
		CAC959A718E3EBE9000141E1 /* AppDelegate.h */ = {isa = PBXFileReference; lastKnownFileType = sourcecode.c.h; path = AppDelegate.h; sourceTree = "<group>"; };
		CAC959A818E3EBE9000141E1 /* AppDelegate.m */ = {isa = PBXFileReference; lastKnownFileType = sourcecode.c.objc; path = AppDelegate.m; sourceTree = "<group>"; };
		CAC959AA18E3EBE9000141E1 /* Images.xcassets */ = {isa = PBXFileReference; lastKnownFileType = folder.assetcatalog; path = Images.xcassets; sourceTree = "<group>"; };
		CAC959B018E3EBE9000141E1 /* QuitterTests.xctest */ = {isa = PBXFileReference; explicitFileType = wrapper.cfbundle; includeInIndex = 0; path = QuitterTests.xctest; sourceTree = BUILT_PRODUCTS_DIR; };
		CAC959B118E3EBE9000141E1 /* XCTest.framework */ = {isa = PBXFileReference; lastKnownFileType = wrapper.framework; name = XCTest.framework; path = Library/Frameworks/XCTest.framework; sourceTree = DEVELOPER_DIR; };
		CAC959B918E3EBE9000141E1 /* QuitterTests-Info.plist */ = {isa = PBXFileReference; lastKnownFileType = text.plist.xml; path = "QuitterTests-Info.plist"; sourceTree = "<group>"; };
		CAC959BB18E3EBE9000141E1 /* en */ = {isa = PBXFileReference; lastKnownFileType = text.plist.strings; name = en; path = en.lproj/InfoPlist.strings; sourceTree = "<group>"; };
		CAC959BD18E3EBE9000141E1 /* QuitterTests.m */ = {isa = PBXFileReference; lastKnownFileType = sourcecode.c.objc; path = QuitterTests.m; sourceTree = "<group>"; };
		CAC959C718E3EC79000141E1 /* TweetListViewController.h */ = {isa = PBXFileReference; fileEncoding = 4; lastKnownFileType = sourcecode.c.h; path = TweetListViewController.h; sourceTree = "<group>"; };
		CAC959C818E3EC79000141E1 /* TweetListViewController.m */ = {isa = PBXFileReference; fileEncoding = 4; lastKnownFileType = sourcecode.c.objc; path = TweetListViewController.m; sourceTree = "<group>"; };
		CAC959C918E3EC79000141E1 /* TweetListViewController.xib */ = {isa = PBXFileReference; fileEncoding = 4; lastKnownFileType = file.xib; path = TweetListViewController.xib; sourceTree = "<group>"; };
		CAC959CC18E3ED00000141E1 /* LoginViewController.h */ = {isa = PBXFileReference; fileEncoding = 4; lastKnownFileType = sourcecode.c.h; path = LoginViewController.h; sourceTree = "<group>"; };
		CAC959CD18E3ED00000141E1 /* LoginViewController.m */ = {isa = PBXFileReference; fileEncoding = 4; lastKnownFileType = sourcecode.c.objc; path = LoginViewController.m; sourceTree = "<group>"; };
		CAC959CE18E3ED00000141E1 /* LoginViewController.xib */ = {isa = PBXFileReference; fileEncoding = 4; lastKnownFileType = file.xib; path = LoginViewController.xib; sourceTree = "<group>"; };
		CAC959D118E3ED1E000141E1 /* TweetDetailViewController.h */ = {isa = PBXFileReference; fileEncoding = 4; lastKnownFileType = sourcecode.c.h; path = TweetDetailViewController.h; sourceTree = "<group>"; };
		CAC959D218E3ED1E000141E1 /* TweetDetailViewController.m */ = {isa = PBXFileReference; fileEncoding = 4; lastKnownFileType = sourcecode.c.objc; path = TweetDetailViewController.m; sourceTree = "<group>"; };
		CAC959D318E3ED1E000141E1 /* TweetDetailViewController.xib */ = {isa = PBXFileReference; fileEncoding = 4; lastKnownFileType = file.xib; path = TweetDetailViewController.xib; sourceTree = "<group>"; };
		CAC959D618E3ED37000141E1 /* TweetComposeViewController.h */ = {isa = PBXFileReference; fileEncoding = 4; lastKnownFileType = sourcecode.c.h; path = TweetComposeViewController.h; sourceTree = "<group>"; };
		CAC959D718E3ED37000141E1 /* TweetComposeViewController.m */ = {isa = PBXFileReference; fileEncoding = 4; lastKnownFileType = sourcecode.c.objc; path = TweetComposeViewController.m; sourceTree = "<group>"; };
		CAC959D818E3ED37000141E1 /* TweetComposeViewController.xib */ = {isa = PBXFileReference; fileEncoding = 4; lastKnownFileType = file.xib; path = TweetComposeViewController.xib; sourceTree = "<group>"; };
		CAC959DC18E3EEBD000141E1 /* TweetViewCell.h */ = {isa = PBXFileReference; fileEncoding = 4; lastKnownFileType = sourcecode.c.h; path = TweetViewCell.h; sourceTree = "<group>"; };
		CAC959DD18E3EEBD000141E1 /* TweetViewCell.m */ = {isa = PBXFileReference; fileEncoding = 4; lastKnownFileType = sourcecode.c.objc; path = TweetViewCell.m; sourceTree = "<group>"; };
		CAC959DE18E3EEBD000141E1 /* TweetViewCell.xib */ = {isa = PBXFileReference; fileEncoding = 4; lastKnownFileType = file.xib; path = TweetViewCell.xib; sourceTree = "<group>"; };
		CAC959E218E3F2BE000141E1 /* reply.png */ = {isa = PBXFileReference; lastKnownFileType = image.png; path = reply.png; sourceTree = "<group>"; };
		CAC959E318E3F2BE000141E1 /* reply@2x.png */ = {isa = PBXFileReference; lastKnownFileType = image.png; path = "reply@2x.png"; sourceTree = "<group>"; };
		CAC959E418E3F2BE000141E1 /* retweet.png */ = {isa = PBXFileReference; lastKnownFileType = image.png; path = retweet.png; sourceTree = "<group>"; };
		CAC959E518E3F2BE000141E1 /* retweet@2x.png */ = {isa = PBXFileReference; lastKnownFileType = image.png; path = "retweet@2x.png"; sourceTree = "<group>"; };
		CAC959E618E3F2BE000141E1 /* star.png */ = {isa = PBXFileReference; lastKnownFileType = image.png; path = star.png; sourceTree = "<group>"; };
		CAC959E718E3F2BE000141E1 /* star@2x.png */ = {isa = PBXFileReference; lastKnownFileType = image.png; path = "star@2x.png"; sourceTree = "<group>"; };
		CAC959F418E3FDAC000141E1 /* TweetModel.h */ = {isa = PBXFileReference; fileEncoding = 4; lastKnownFileType = sourcecode.c.h; path = TweetModel.h; sourceTree = "<group>"; };
		CAC959F518E3FDAC000141E1 /* TweetModel.m */ = {isa = PBXFileReference; fileEncoding = 4; lastKnownFileType = sourcecode.c.objc; path = TweetModel.m; sourceTree = "<group>"; };
		CAC959F718E402BA000141E1 /* TwitterClient.h */ = {isa = PBXFileReference; fileEncoding = 4; lastKnownFileType = sourcecode.c.h; path = TwitterClient.h; sourceTree = "<group>"; };
		CAC959F818E402BA000141E1 /* TwitterClient.m */ = {isa = PBXFileReference; fileEncoding = 4; lastKnownFileType = sourcecode.c.objc; path = TwitterClient.m; sourceTree = "<group>"; };
		EC0AD9E2BBC9439998E8ACEF /* libPods.a */ = {isa = PBXFileReference; explicitFileType = archive.ar; includeInIndex = 0; path = libPods.a; sourceTree = BUILT_PRODUCTS_DIR; };
		FD3ECF3B56CA43168485AAD1 /* Pods.xcconfig */ = {isa = PBXFileReference; includeInIndex = 1; lastKnownFileType = text.xcconfig; name = Pods.xcconfig; path = Pods/Pods.xcconfig; sourceTree = "<group>"; };
/* End PBXFileReference section */

/* Begin PBXFrameworksBuildPhase section */
		CAC9599218E3EBE9000141E1 /* Frameworks */ = {
			isa = PBXFrameworksBuildPhase;
			buildActionMask = 2147483647;
			files = (
				CAC9599B18E3EBE9000141E1 /* CoreGraphics.framework in Frameworks */,
				CAC9599D18E3EBE9000141E1 /* UIKit.framework in Frameworks */,
				CAC9599918E3EBE9000141E1 /* Foundation.framework in Frameworks */,
				95B082D0185C4788AF2C9C81 /* libPods.a in Frameworks */,
			);
			runOnlyForDeploymentPostprocessing = 0;
		};
		CAC959AD18E3EBE9000141E1 /* Frameworks */ = {
			isa = PBXFrameworksBuildPhase;
			buildActionMask = 2147483647;
			files = (
				CAC959B218E3EBE9000141E1 /* XCTest.framework in Frameworks */,
				CAC959B418E3EBE9000141E1 /* UIKit.framework in Frameworks */,
				CAC959B318E3EBE9000141E1 /* Foundation.framework in Frameworks */,
			);
			runOnlyForDeploymentPostprocessing = 0;
		};
/* End PBXFrameworksBuildPhase section */

/* Begin PBXGroup section */
		CAC9598C18E3EBE9000141E1 = {
			isa = PBXGroup;
			children = (
				CAC9599E18E3EBE9000141E1 /* Quitter */,
				CAC959B718E3EBE9000141E1 /* QuitterTests */,
				CAC9599718E3EBE9000141E1 /* Frameworks */,
				CAC9599618E3EBE9000141E1 /* Products */,
				FD3ECF3B56CA43168485AAD1 /* Pods.xcconfig */,
			);
			sourceTree = "<group>";
		};
		CAC9599618E3EBE9000141E1 /* Products */ = {
			isa = PBXGroup;
			children = (
				CAC9599518E3EBE9000141E1 /* Quitter.app */,
				CAC959B018E3EBE9000141E1 /* QuitterTests.xctest */,
			);
			name = Products;
			sourceTree = "<group>";
		};
		CAC9599718E3EBE9000141E1 /* Frameworks */ = {
			isa = PBXGroup;
			children = (
				CAC9599818E3EBE9000141E1 /* Foundation.framework */,
				CAC9599A18E3EBE9000141E1 /* CoreGraphics.framework */,
				CAC9599C18E3EBE9000141E1 /* UIKit.framework */,
				CAC959B118E3EBE9000141E1 /* XCTest.framework */,
				EC0AD9E2BBC9439998E8ACEF /* libPods.a */,
			);
			name = Frameworks;
			sourceTree = "<group>";
		};
		CAC9599E18E3EBE9000141E1 /* Quitter */ = {
			isa = PBXGroup;
			children = (
				CAC959E118E3F2A7000141E1 /* resources */,
				CAC959F318E3FCD8000141E1 /* model */,
				CAC959F218E3FCCD000141E1 /* controller */,
				CAC959DB18E3ED49000141E1 /* view */,
				CAC959A718E3EBE9000141E1 /* AppDelegate.h */,
				CAC959A818E3EBE9000141E1 /* AppDelegate.m */,
				CAC959AA18E3EBE9000141E1 /* Images.xcassets */,
				CAC9599F18E3EBE9000141E1 /* Supporting Files */,
			);
			path = Quitter;
			sourceTree = "<group>";
		};
		CAC9599F18E3EBE9000141E1 /* Supporting Files */ = {
			isa = PBXGroup;
			children = (
				CAC959A018E3EBE9000141E1 /* Quitter-Info.plist */,
				CAC959A118E3EBE9000141E1 /* InfoPlist.strings */,
				CAC959A418E3EBE9000141E1 /* main.m */,
				CAC959A618E3EBE9000141E1 /* Quitter-Prefix.pch */,
			);
			name = "Supporting Files";
			sourceTree = "<group>";
		};
		CAC959B718E3EBE9000141E1 /* QuitterTests */ = {
			isa = PBXGroup;
			children = (
				CAC959BD18E3EBE9000141E1 /* QuitterTests.m */,
				CAC959B818E3EBE9000141E1 /* Supporting Files */,
			);
			path = QuitterTests;
			sourceTree = "<group>";
		};
		CAC959B818E3EBE9000141E1 /* Supporting Files */ = {
			isa = PBXGroup;
			children = (
				CAC959B918E3EBE9000141E1 /* QuitterTests-Info.plist */,
				CAC959BA18E3EBE9000141E1 /* InfoPlist.strings */,
			);
			name = "Supporting Files";
			sourceTree = "<group>";
		};
		CAC959DB18E3ED49000141E1 /* view */ = {
			isa = PBXGroup;
			children = (
				CAC959DC18E3EEBD000141E1 /* TweetViewCell.h */,
				CAC959DD18E3EEBD000141E1 /* TweetViewCell.m */,
				CAC959DE18E3EEBD000141E1 /* TweetViewCell.xib */,
				CA37582A18F0CB2C00D596AB /* ProfileHeaderView.h */,
				CA37582B18F0CB2C00D596AB /* ProfileHeaderView.m */,
				CA37582D18F0CBB200D596AB /* ProfileHeaderView.xib */,
				CA37582F18F0CEAE00D596AB /* ProfileSubheaderTableViewCell.h */,
				CA37583018F0CEAE00D596AB /* ProfileSubheaderTableViewCell.m */,
				CA37583118F0CEAE00D596AB /* ProfileSubheaderTableViewCell.xib */,
			);
			path = view;
			sourceTree = "<group>";
		};
		CAC959E118E3F2A7000141E1 /* resources */ = {
			isa = PBXGroup;
			children = (
				CAC959E418E3F2BE000141E1 /* retweet.png */,
				CAC959E518E3F2BE000141E1 /* retweet@2x.png */,
				CA105B3518EAA08800F78D28 /* retweetSelected.png */,
				CA105B3618EAA08800F78D28 /* retweetSelected@2x.png */,
				CAC959E618E3F2BE000141E1 /* star.png */,
				CAC959E718E3F2BE000141E1 /* star@2x.png */,
				CA105B3718EAA08800F78D28 /* starSelected.png */,
				CA105B3818EAA08800F78D28 /* starSelected@2x.png */,
				CAC959E218E3F2BE000141E1 /* reply.png */,
				CAC959E318E3F2BE000141E1 /* reply@2x.png */,
			);
			path = resources;
			sourceTree = "<group>";
		};
		CAC959F218E3FCCD000141E1 /* controller */ = {
			isa = PBXGroup;
			children = (
				CA37582018F0C12C00D596AB /* MainMenuViewController.h */,
				CA37582118F0C12C00D596AB /* MainMenuViewController.m */,
				CA37582218F0C12C00D596AB /* MainMenuViewController.xib */,
				CAC959C718E3EC79000141E1 /* TweetListViewController.h */,
				CAC959C818E3EC79000141E1 /* TweetListViewController.m */,
				CAC959C918E3EC79000141E1 /* TweetListViewController.xib */,
				CAC959CC18E3ED00000141E1 /* LoginViewController.h */,
				CAC959CD18E3ED00000141E1 /* LoginViewController.m */,
				CAC959CE18E3ED00000141E1 /* LoginViewController.xib */,
				CAC959D118E3ED1E000141E1 /* TweetDetailViewController.h */,
				CAC959D218E3ED1E000141E1 /* TweetDetailViewController.m */,
				CAC959D318E3ED1E000141E1 /* TweetDetailViewController.xib */,
				CAC959D618E3ED37000141E1 /* TweetComposeViewController.h */,
				CAC959D718E3ED37000141E1 /* TweetComposeViewController.m */,
				CAC959D818E3ED37000141E1 /* TweetComposeViewController.xib */,
				CA37581B18F0AC7200D596AB /* ProfileViewController.h */,
				CA37581C18F0AC7200D596AB /* ProfileViewController.m */,
				CA37581D18F0AC7200D596AB /* ProfileViewController.xib */,
				CAC959F718E402BA000141E1 /* TwitterClient.h */,
				CAC959F818E402BA000141E1 /* TwitterClient.m */,
				CA37583418F26B9A00D596AB /* UIView+Screenshot.h */,
				CA37583518F26B9A00D596AB /* UIView+Screenshot.m */,
			);
			path = controller;
			sourceTree = "<group>";
		};
		CAC959F318E3FCD8000141E1 /* model */ = {
			isa = PBXGroup;
			children = (
				CAC959F418E3FDAC000141E1 /* TweetModel.h */,
				CAC959F518E3FDAC000141E1 /* TweetModel.m */,
				CA105AED18E8CAB200F78D28 /* UserModel.h */,
				CA105AEE18E8CAB200F78D28 /* UserModel.m */,
			);
			path = model;
			sourceTree = "<group>";
		};
/* End PBXGroup section */

/* Begin PBXNativeTarget section */
		CAC9599418E3EBE9000141E1 /* Quitter */ = {
			isa = PBXNativeTarget;
			buildConfigurationList = CAC959C118E3EBE9000141E1 /* Build configuration list for PBXNativeTarget "Quitter" */;
			buildPhases = (
				41E9EA9D9A4346F49A334451 /* Check Pods Manifest.lock */,
				CAC9599118E3EBE9000141E1 /* Sources */,
				CAC9599218E3EBE9000141E1 /* Frameworks */,
				CAC9599318E3EBE9000141E1 /* Resources */,
				D5A1E11AAF2B442687533934 /* Copy Pods Resources */,
			);
			buildRules = (
			);
			dependencies = (
			);
			name = Quitter;
			productName = Quitter;
			productReference = CAC9599518E3EBE9000141E1 /* Quitter.app */;
			productType = "com.apple.product-type.application";
		};
		CAC959AF18E3EBE9000141E1 /* QuitterTests */ = {
			isa = PBXNativeTarget;
			buildConfigurationList = CAC959C418E3EBE9000141E1 /* Build configuration list for PBXNativeTarget "QuitterTests" */;
			buildPhases = (
				CAC959AC18E3EBE9000141E1 /* Sources */,
				CAC959AD18E3EBE9000141E1 /* Frameworks */,
				CAC959AE18E3EBE9000141E1 /* Resources */,
			);
			buildRules = (
			);
			dependencies = (
				CAC959B618E3EBE9000141E1 /* PBXTargetDependency */,
			);
			name = QuitterTests;
			productName = QuitterTests;
			productReference = CAC959B018E3EBE9000141E1 /* QuitterTests.xctest */;
			productType = "com.apple.product-type.bundle.unit-test";
		};
/* End PBXNativeTarget section */

/* Begin PBXProject section */
		CAC9598D18E3EBE9000141E1 /* Project object */ = {
			isa = PBXProject;
			attributes = {
				LastUpgradeCheck = 0510;
				ORGANIZATIONNAME = "Eric Socolofsky";
				TargetAttributes = {
					CAC959AF18E3EBE9000141E1 = {
						TestTargetID = CAC9599418E3EBE9000141E1;
					};
				};
			};
			buildConfigurationList = CAC9599018E3EBE9000141E1 /* Build configuration list for PBXProject "Quitter" */;
			compatibilityVersion = "Xcode 3.2";
			developmentRegion = English;
			hasScannedForEncodings = 0;
			knownRegions = (
				en,
			);
			mainGroup = CAC9598C18E3EBE9000141E1;
			productRefGroup = CAC9599618E3EBE9000141E1 /* Products */;
			projectDirPath = "";
			projectRoot = "";
			targets = (
				CAC9599418E3EBE9000141E1 /* Quitter */,
				CAC959AF18E3EBE9000141E1 /* QuitterTests */,
			);
		};
/* End PBXProject section */

/* Begin PBXResourcesBuildPhase section */
		CAC9599318E3EBE9000141E1 /* Resources */ = {
			isa = PBXResourcesBuildPhase;
			buildActionMask = 2147483647;
			files = (
				CA37581F18F0AC7200D596AB /* ProfileViewController.xib in Resources */,
				CAC959E818E3F2BE000141E1 /* reply.png in Resources */,
				CAC959E018E3EEBD000141E1 /* TweetViewCell.xib in Resources */,
				CA37583318F0CEAE00D596AB /* ProfileSubheaderTableViewCell.xib in Resources */,
				CAC959D018E3ED00000141E1 /* LoginViewController.xib in Resources */,
				CAC959A318E3EBE9000141E1 /* InfoPlist.strings in Resources */,
				CAC959D518E3ED1E000141E1 /* TweetDetailViewController.xib in Resources */,
				CAC959EC18E3F2BE000141E1 /* star.png in Resources */,
				CAC959AB18E3EBE9000141E1 /* Images.xcassets in Resources */,
				CAC959EA18E3F2BE000141E1 /* retweet.png in Resources */,
				CA105B3B18EAA08800F78D28 /* starSelected.png in Resources */,
				CA37582418F0C12C00D596AB /* MainMenuViewController.xib in Resources */,
				CA105B3C18EAA08800F78D28 /* starSelected@2x.png in Resources */,
				CAC959ED18E3F2BE000141E1 /* star@2x.png in Resources */,
				CA105B3A18EAA08800F78D28 /* retweetSelected@2x.png in Resources */,
				CAC959CB18E3EC79000141E1 /* TweetListViewController.xib in Resources */,
				CAC959DA18E3ED37000141E1 /* TweetComposeViewController.xib in Resources */,
				CAC959EB18E3F2BE000141E1 /* retweet@2x.png in Resources */,
				CAC959E918E3F2BE000141E1 /* reply@2x.png in Resources */,
				CA37582E18F0CBB200D596AB /* ProfileHeaderView.xib in Resources */,
				CA105B3918EAA08800F78D28 /* retweetSelected.png in Resources */,
			);
			runOnlyForDeploymentPostprocessing = 0;
		};
		CAC959AE18E3EBE9000141E1 /* Resources */ = {
			isa = PBXResourcesBuildPhase;
			buildActionMask = 2147483647;
			files = (
				CAC959BC18E3EBE9000141E1 /* InfoPlist.strings in Resources */,
			);
			runOnlyForDeploymentPostprocessing = 0;
		};
/* End PBXResourcesBuildPhase section */

/* Begin PBXShellScriptBuildPhase section */
		41E9EA9D9A4346F49A334451 /* Check Pods Manifest.lock */ = {
			isa = PBXShellScriptBuildPhase;
			buildActionMask = 2147483647;
			files = (
			);
			inputPaths = (
			);
			name = "Check Pods Manifest.lock";
			outputPaths = (
			);
			runOnlyForDeploymentPostprocessing = 0;
			shellPath = /bin/sh;
			shellScript = "diff \"${PODS_ROOT}/../Podfile.lock\" \"${PODS_ROOT}/Manifest.lock\" > /dev/null\nif [[ $? != 0 ]] ; then\n    cat << EOM\nerror: The sandbox is not in sync with the Podfile.lock. Run 'pod install' or update your CocoaPods installation.\nEOM\n    exit 1\nfi\n";
			showEnvVarsInLog = 0;
		};
		D5A1E11AAF2B442687533934 /* Copy Pods Resources */ = {
			isa = PBXShellScriptBuildPhase;
			buildActionMask = 2147483647;
			files = (
			);
			inputPaths = (
			);
			name = "Copy Pods Resources";
			outputPaths = (
			);
			runOnlyForDeploymentPostprocessing = 0;
			shellPath = /bin/sh;
			shellScript = "\"${SRCROOT}/Pods/Pods-resources.sh\"\n";
			showEnvVarsInLog = 0;
		};
/* End PBXShellScriptBuildPhase section */

/* Begin PBXSourcesBuildPhase section */
		CAC9599118E3EBE9000141E1 /* Sources */ = {
			isa = PBXSourcesBuildPhase;
			buildActionMask = 2147483647;
			files = (
				CAC959CF18E3ED00000141E1 /* LoginViewController.m in Sources */,
				CAC959F918E402BA000141E1 /* TwitterClient.m in Sources */,
				CAC959F618E3FDAC000141E1 /* TweetModel.m in Sources */,
				CAC959D918E3ED37000141E1 /* TweetComposeViewController.m in Sources */,
				CA37583618F26B9A00D596AB /* UIView+Screenshot.m in Sources */,
				CA37582318F0C12C00D596AB /* MainMenuViewController.m in Sources */,
				CAC959CA18E3EC79000141E1 /* TweetListViewController.m in Sources */,
				CAC959A918E3EBE9000141E1 /* AppDelegate.m in Sources */,
				CA105AEF18E8CAB200F78D28 /* UserModel.m in Sources */,
				CA37582C18F0CB2C00D596AB /* ProfileHeaderView.m in Sources */,
				CAC959A518E3EBE9000141E1 /* main.m in Sources */,
				CA37581E18F0AC7200D596AB /* ProfileViewController.m in Sources */,
				CA37583218F0CEAE00D596AB /* ProfileSubheaderTableViewCell.m in Sources */,
				CAC959DF18E3EEBD000141E1 /* TweetViewCell.m in Sources */,
				CAC959D418E3ED1E000141E1 /* TweetDetailViewController.m in Sources */,
			);
			runOnlyForDeploymentPostprocessing = 0;
		};
		CAC959AC18E3EBE9000141E1 /* Sources */ = {
			isa = PBXSourcesBuildPhase;
			buildActionMask = 2147483647;
			files = (
				CAC959BE18E3EBE9000141E1 /* QuitterTests.m in Sources */,
			);
			runOnlyForDeploymentPostprocessing = 0;
		};
/* End PBXSourcesBuildPhase section */

/* Begin PBXTargetDependency section */
		CAC959B618E3EBE9000141E1 /* PBXTargetDependency */ = {
			isa = PBXTargetDependency;
			target = CAC9599418E3EBE9000141E1 /* Quitter */;
			targetProxy = CAC959B518E3EBE9000141E1 /* PBXContainerItemProxy */;
		};
/* End PBXTargetDependency section */

/* Begin PBXVariantGroup section */
		CAC959A118E3EBE9000141E1 /* InfoPlist.strings */ = {
			isa = PBXVariantGroup;
			children = (
				CAC959A218E3EBE9000141E1 /* en */,
			);
			name = InfoPlist.strings;
			sourceTree = "<group>";
		};
		CAC959BA18E3EBE9000141E1 /* InfoPlist.strings */ = {
			isa = PBXVariantGroup;
			children = (
				CAC959BB18E3EBE9000141E1 /* en */,
			);
			name = InfoPlist.strings;
			sourceTree = "<group>";
		};
/* End PBXVariantGroup section */

/* Begin XCBuildConfiguration section */
		CAC959BF18E3EBE9000141E1 /* Debug */ = {
			isa = XCBuildConfiguration;
			buildSettings = {
				ALWAYS_SEARCH_USER_PATHS = NO;
				CLANG_CXX_LANGUAGE_STANDARD = "gnu++0x";
				CLANG_CXX_LIBRARY = "libc++";
				CLANG_ENABLE_MODULES = YES;
				CLANG_ENABLE_OBJC_ARC = YES;
				CLANG_WARN_BOOL_CONVERSION = YES;
				CLANG_WARN_CONSTANT_CONVERSION = YES;
				CLANG_WARN_DIRECT_OBJC_ISA_USAGE = YES_ERROR;
				CLANG_WARN_EMPTY_BODY = YES;
				CLANG_WARN_ENUM_CONVERSION = YES;
				CLANG_WARN_INT_CONVERSION = YES;
				CLANG_WARN_OBJC_ROOT_CLASS = YES_ERROR;
				CLANG_WARN__DUPLICATE_METHOD_MATCH = YES;
				"CODE_SIGN_IDENTITY[sdk=iphoneos*]" = "iPhone Developer";
				COPY_PHASE_STRIP = NO;
				GCC_C_LANGUAGE_STANDARD = gnu99;
				GCC_DYNAMIC_NO_PIC = NO;
				GCC_OPTIMIZATION_LEVEL = 0;
				GCC_PREPROCESSOR_DEFINITIONS = (
					"DEBUG=1",
					"$(inherited)",
				);
				GCC_SYMBOLS_PRIVATE_EXTERN = NO;
				GCC_WARN_64_TO_32_BIT_CONVERSION = YES;
				GCC_WARN_ABOUT_RETURN_TYPE = YES_ERROR;
				GCC_WARN_UNDECLARED_SELECTOR = YES;
				GCC_WARN_UNINITIALIZED_AUTOS = YES_AGGRESSIVE;
				GCC_WARN_UNUSED_FUNCTION = YES;
				GCC_WARN_UNUSED_VARIABLE = YES;
				IPHONEOS_DEPLOYMENT_TARGET = 7.1;
				ONLY_ACTIVE_ARCH = YES;
				SDKROOT = iphoneos;
			};
			name = Debug;
		};
		CAC959C018E3EBE9000141E1 /* Release */ = {
			isa = XCBuildConfiguration;
			buildSettings = {
				ALWAYS_SEARCH_USER_PATHS = NO;
				CLANG_CXX_LANGUAGE_STANDARD = "gnu++0x";
				CLANG_CXX_LIBRARY = "libc++";
				CLANG_ENABLE_MODULES = YES;
				CLANG_ENABLE_OBJC_ARC = YES;
				CLANG_WARN_BOOL_CONVERSION = YES;
				CLANG_WARN_CONSTANT_CONVERSION = YES;
				CLANG_WARN_DIRECT_OBJC_ISA_USAGE = YES_ERROR;
				CLANG_WARN_EMPTY_BODY = YES;
				CLANG_WARN_ENUM_CONVERSION = YES;
				CLANG_WARN_INT_CONVERSION = YES;
				CLANG_WARN_OBJC_ROOT_CLASS = YES_ERROR;
				CLANG_WARN__DUPLICATE_METHOD_MATCH = YES;
				"CODE_SIGN_IDENTITY[sdk=iphoneos*]" = "iPhone Developer";
				COPY_PHASE_STRIP = YES;
				ENABLE_NS_ASSERTIONS = NO;
				GCC_C_LANGUAGE_STANDARD = gnu99;
				GCC_WARN_64_TO_32_BIT_CONVERSION = YES;
				GCC_WARN_ABOUT_RETURN_TYPE = YES_ERROR;
				GCC_WARN_UNDECLARED_SELECTOR = YES;
				GCC_WARN_UNINITIALIZED_AUTOS = YES_AGGRESSIVE;
				GCC_WARN_UNUSED_FUNCTION = YES;
				GCC_WARN_UNUSED_VARIABLE = YES;
				IPHONEOS_DEPLOYMENT_TARGET = 7.1;
				SDKROOT = iphoneos;
				VALIDATE_PRODUCT = YES;
			};
			name = Release;
		};
		CAC959C218E3EBE9000141E1 /* Debug */ = {
			isa = XCBuildConfiguration;
			baseConfigurationReference = FD3ECF3B56CA43168485AAD1 /* Pods.xcconfig */;
			buildSettings = {
				ASSETCATALOG_COMPILER_APPICON_NAME = AppIcon;
				ASSETCATALOG_COMPILER_LAUNCHIMAGE_NAME = LaunchImage;
				GCC_PRECOMPILE_PREFIX_HEADER = YES;
				GCC_PREFIX_HEADER = "Quitter/Quitter-Prefix.pch";
				INFOPLIST_FILE = "Quitter/Quitter-Info.plist";
				PRODUCT_NAME = "$(TARGET_NAME)";
				WRAPPER_EXTENSION = app;
			};
			name = Debug;
		};
		CAC959C318E3EBE9000141E1 /* Release */ = {
			isa = XCBuildConfiguration;
			baseConfigurationReference = FD3ECF3B56CA43168485AAD1 /* Pods.xcconfig */;
			buildSettings = {
				ASSETCATALOG_COMPILER_APPICON_NAME = AppIcon;
				ASSETCATALOG_COMPILER_LAUNCHIMAGE_NAME = LaunchImage;
				GCC_PRECOMPILE_PREFIX_HEADER = YES;
				GCC_PREFIX_HEADER = "Quitter/Quitter-Prefix.pch";
				INFOPLIST_FILE = "Quitter/Quitter-Info.plist";
				PRODUCT_NAME = "$(TARGET_NAME)";
				WRAPPER_EXTENSION = app;
			};
			name = Release;
		};
		CAC959C518E3EBE9000141E1 /* Debug */ = {
			isa = XCBuildConfiguration;
			buildSettings = {
				BUNDLE_LOADER = "$(BUILT_PRODUCTS_DIR)/Quitter.app/Quitter";
				FRAMEWORK_SEARCH_PATHS = (
					"$(SDKROOT)/Developer/Library/Frameworks",
					"$(inherited)",
					"$(DEVELOPER_FRAMEWORKS_DIR)",
				);
				GCC_PRECOMPILE_PREFIX_HEADER = YES;
				GCC_PREFIX_HEADER = "Quitter/Quitter-Prefix.pch";
				GCC_PREPROCESSOR_DEFINITIONS = (
					"DEBUG=1",
					"$(inherited)",
				);
				INFOPLIST_FILE = "QuitterTests/QuitterTests-Info.plist";
				PRODUCT_NAME = "$(TARGET_NAME)";
				TEST_HOST = "$(BUNDLE_LOADER)";
				WRAPPER_EXTENSION = xctest;
			};
			name = Debug;
		};
		CAC959C618E3EBE9000141E1 /* Release */ = {
			isa = XCBuildConfiguration;
			buildSettings = {
				BUNDLE_LOADER = "$(BUILT_PRODUCTS_DIR)/Quitter.app/Quitter";
				FRAMEWORK_SEARCH_PATHS = (
					"$(SDKROOT)/Developer/Library/Frameworks",
					"$(inherited)",
					"$(DEVELOPER_FRAMEWORKS_DIR)",
				);
				GCC_PRECOMPILE_PREFIX_HEADER = YES;
				GCC_PREFIX_HEADER = "Quitter/Quitter-Prefix.pch";
				INFOPLIST_FILE = "QuitterTests/QuitterTests-Info.plist";
				PRODUCT_NAME = "$(TARGET_NAME)";
				TEST_HOST = "$(BUNDLE_LOADER)";
				WRAPPER_EXTENSION = xctest;
			};
			name = Release;
		};
/* End XCBuildConfiguration section */

/* Begin XCConfigurationList section */
		CAC9599018E3EBE9000141E1 /* Build configuration list for PBXProject "Quitter" */ = {
			isa = XCConfigurationList;
			buildConfigurations = (
				CAC959BF18E3EBE9000141E1 /* Debug */,
				CAC959C018E3EBE9000141E1 /* Release */,
			);
			defaultConfigurationIsVisible = 0;
			defaultConfigurationName = Release;
		};
		CAC959C118E3EBE9000141E1 /* Build configuration list for PBXNativeTarget "Quitter" */ = {
			isa = XCConfigurationList;
			buildConfigurations = (
				CAC959C218E3EBE9000141E1 /* Debug */,
				CAC959C318E3EBE9000141E1 /* Release */,
			);
			defaultConfigurationIsVisible = 0;
			defaultConfigurationName = Release;
		};
		CAC959C418E3EBE9000141E1 /* Build configuration list for PBXNativeTarget "QuitterTests" */ = {
			isa = XCConfigurationList;
			buildConfigurations = (
				CAC959C518E3EBE9000141E1 /* Debug */,
				CAC959C618E3EBE9000141E1 /* Release */,
			);
			defaultConfigurationIsVisible = 0;
			defaultConfigurationName = Release;
		};
/* End XCConfigurationList section */
	};
	rootObject = CAC9598D18E3EBE9000141E1 /* Project object */;
}
